// !$*UTF8*$!
{
	archiveVersion = 1;
	classes = {
	};
	objectVersion = 51;
	objects = {

/* Begin PBXBuildFile section */
		0B0A431F2ADF1E5E02D440EF /* Pods_run.framework in Frameworks */ = {isa = PBXBuildFile; fileRef = 52F23EC9B7653941FE955F55 /* Pods_run.framework */; };
		1B0D84A50A5075596F60BD03 /* Pods_runUITests.framework in Frameworks */ = {isa = PBXBuildFile; fileRef = 1CC80D14F1A86FB6E721A5C9 /* Pods_runUITests.framework */; };
		8A5DD08A22E4583400C3A1D5 /* ChannelViewCellController.swift in Sources */ = {isa = PBXBuildFile; fileRef = 8A5DD08822E4583400C3A1D5 /* ChannelViewCellController.swift */; };
		8A5DD08B22E4583400C3A1D5 /* ChannelViewCellController.xib in Resources */ = {isa = PBXBuildFile; fileRef = 8A5DD08922E4583400C3A1D5 /* ChannelViewCellController.xib */; };
		8A7F42CC22F59F6B00F46832 /* GoogleService-Info.plist in Resources */ = {isa = PBXBuildFile; fileRef = 8A7F42CB22F59F6B00F46832 /* GoogleService-Info.plist */; };
		8A9EB7B422D97ACC00214679 /* AppDelegate.swift in Sources */ = {isa = PBXBuildFile; fileRef = 8A9EB7B322D97ACC00214679 /* AppDelegate.swift */; };
		8A9EB7B622D97ACC00214679 /* ViewController.swift in Sources */ = {isa = PBXBuildFile; fileRef = 8A9EB7B522D97ACC00214679 /* ViewController.swift */; };
		8A9EB7B922D97ACC00214679 /* Main.storyboard in Resources */ = {isa = PBXBuildFile; fileRef = 8A9EB7B722D97ACC00214679 /* Main.storyboard */; };
		8A9EB7BB22D97ACD00214679 /* Assets.xcassets in Resources */ = {isa = PBXBuildFile; fileRef = 8A9EB7BA22D97ACD00214679 /* Assets.xcassets */; };
		8A9EB7BE22D97ACD00214679 /* LaunchScreen.storyboard in Resources */ = {isa = PBXBuildFile; fileRef = 8A9EB7BC22D97ACD00214679 /* LaunchScreen.storyboard */; };
		8A9EB7C922D97ACD00214679 /* runTests.swift in Sources */ = {isa = PBXBuildFile; fileRef = 8A9EB7C822D97ACD00214679 /* runTests.swift */; };
		8A9EB7D422D97ACD00214679 /* runUITests.swift in Sources */ = {isa = PBXBuildFile; fileRef = 8A9EB7D322D97ACD00214679 /* runUITests.swift */; };
		8A9EB7E222DB791900214679 /* UserViewController.swift in Sources */ = {isa = PBXBuildFile; fileRef = 8A9EB7E122DB791900214679 /* UserViewController.swift */; };
		8A9EB7E422DB7A8B00214679 /* BenefitViewController.swift in Sources */ = {isa = PBXBuildFile; fileRef = 8A9EB7E322DB7A8B00214679 /* BenefitViewController.swift */; };
		8A9EB7E822DB7AC000214679 /* TalkViewController.swift in Sources */ = {isa = PBXBuildFile; fileRef = 8A9EB7E722DB7AC000214679 /* TalkViewController.swift */; };
		8A9EB7EA22DC0BEB00214679 /* LoginViewController.swift in Sources */ = {isa = PBXBuildFile; fileRef = 8A9EB7E922DC0BEB00214679 /* LoginViewController.swift */; };
		8A9EB7EC22DCDE9700214679 /* DrawerViewController.swift in Sources */ = {isa = PBXBuildFile; fileRef = 8A9EB7EB22DCDE9700214679 /* DrawerViewController.swift */; };
		8ACE861222E341D2005A4F14 /* Alamofire.framework in Frameworks */ = {isa = PBXBuildFile; fileRef = 8ACE861122E341D2005A4F14 /* Alamofire.framework */; };
		8ACE861422E341E1005A4F14 /* SwiftyJSON.framework in Frameworks */ = {isa = PBXBuildFile; fileRef = 8ACE861322E341E1005A4F14 /* SwiftyJSON.framework */; };
		F6F214FFBD493621AF67D2D0 /* Pods_runTests.framework in Frameworks */ = {isa = PBXBuildFile; fileRef = EBFCDF59E6FF6B624E41AE70 /* Pods_runTests.framework */; };
/* End PBXBuildFile section */

/* Begin PBXContainerItemProxy section */
		8A9EB7C522D97ACD00214679 /* PBXContainerItemProxy */ = {
			isa = PBXContainerItemProxy;
			containerPortal = 8A9EB7A822D97ACB00214679 /* Project object */;
			proxyType = 1;
			remoteGlobalIDString = 8A9EB7AF22D97ACB00214679;
			remoteInfo = run;
		};
		8A9EB7D022D97ACD00214679 /* PBXContainerItemProxy */ = {
			isa = PBXContainerItemProxy;
			containerPortal = 8A9EB7A822D97ACB00214679 /* Project object */;
			proxyType = 1;
			remoteGlobalIDString = 8A9EB7AF22D97ACB00214679;
			remoteInfo = run;
		};
/* End PBXContainerItemProxy section */

/* Begin PBXFileReference section */
		0167204E6AFD14428E4864FA /* Pods-run.debug.xcconfig */ = {isa = PBXFileReference; includeInIndex = 1; lastKnownFileType = text.xcconfig; name = "Pods-run.debug.xcconfig"; path = "Target Support Files/Pods-run/Pods-run.debug.xcconfig"; sourceTree = "<group>"; };
		09C9F5E4C359E7FA60408977 /* Pods-runTests.release.xcconfig */ = {isa = PBXFileReference; includeInIndex = 1; lastKnownFileType = text.xcconfig; name = "Pods-runTests.release.xcconfig"; path = "Target Support Files/Pods-runTests/Pods-runTests.release.xcconfig"; sourceTree = "<group>"; };
		1CC80D14F1A86FB6E721A5C9 /* Pods_runUITests.framework */ = {isa = PBXFileReference; explicitFileType = wrapper.framework; includeInIndex = 0; path = Pods_runUITests.framework; sourceTree = BUILT_PRODUCTS_DIR; };
		31758EDB9ADC64D4C6A25524 /* Pods-run.release.xcconfig */ = {isa = PBXFileReference; includeInIndex = 1; lastKnownFileType = text.xcconfig; name = "Pods-run.release.xcconfig"; path = "Target Support Files/Pods-run/Pods-run.release.xcconfig"; sourceTree = "<group>"; };
		52F23EC9B7653941FE955F55 /* Pods_run.framework */ = {isa = PBXFileReference; explicitFileType = wrapper.framework; includeInIndex = 0; path = Pods_run.framework; sourceTree = BUILT_PRODUCTS_DIR; };
		830168216B23AEB854A94950 /* Pods-runUITests.debug.xcconfig */ = {isa = PBXFileReference; includeInIndex = 1; lastKnownFileType = text.xcconfig; name = "Pods-runUITests.debug.xcconfig"; path = "Target Support Files/Pods-runUITests/Pods-runUITests.debug.xcconfig"; sourceTree = "<group>"; };
		8A5DD08822E4583400C3A1D5 /* ChannelViewCellController.swift */ = {isa = PBXFileReference; lastKnownFileType = sourcecode.swift; path = ChannelViewCellController.swift; sourceTree = "<group>"; };
		8A5DD08922E4583400C3A1D5 /* ChannelViewCellController.xib */ = {isa = PBXFileReference; lastKnownFileType = file.xib; path = ChannelViewCellController.xib; sourceTree = "<group>"; };
		8A7F42CB22F59F6B00F46832 /* GoogleService-Info.plist */ = {isa = PBXFileReference; fileEncoding = 4; lastKnownFileType = text.plist.xml; path = "GoogleService-Info.plist"; sourceTree = "<group>"; };
		8A9EB7B022D97ACC00214679 /* run.app */ = {isa = PBXFileReference; explicitFileType = wrapper.application; includeInIndex = 0; path = run.app; sourceTree = BUILT_PRODUCTS_DIR; };
		8A9EB7B322D97ACC00214679 /* AppDelegate.swift */ = {isa = PBXFileReference; lastKnownFileType = sourcecode.swift; path = AppDelegate.swift; sourceTree = "<group>"; };
		8A9EB7B522D97ACC00214679 /* ViewController.swift */ = {isa = PBXFileReference; lastKnownFileType = sourcecode.swift; path = ViewController.swift; sourceTree = "<group>"; };
		8A9EB7B822D97ACC00214679 /* Base */ = {isa = PBXFileReference; lastKnownFileType = file.storyboard; name = Base; path = Base.lproj/Main.storyboard; sourceTree = "<group>"; };
		8A9EB7BA22D97ACD00214679 /* Assets.xcassets */ = {isa = PBXFileReference; lastKnownFileType = folder.assetcatalog; path = Assets.xcassets; sourceTree = "<group>"; };
		8A9EB7BD22D97ACD00214679 /* Base */ = {isa = PBXFileReference; lastKnownFileType = file.storyboard; name = Base; path = Base.lproj/LaunchScreen.storyboard; sourceTree = "<group>"; };
		8A9EB7BF22D97ACD00214679 /* Info.plist */ = {isa = PBXFileReference; lastKnownFileType = text.plist.xml; path = Info.plist; sourceTree = "<group>"; };
		8A9EB7C422D97ACD00214679 /* runTests.xctest */ = {isa = PBXFileReference; explicitFileType = wrapper.cfbundle; includeInIndex = 0; path = runTests.xctest; sourceTree = BUILT_PRODUCTS_DIR; };
		8A9EB7C822D97ACD00214679 /* runTests.swift */ = {isa = PBXFileReference; lastKnownFileType = sourcecode.swift; path = runTests.swift; sourceTree = "<group>"; };
		8A9EB7CA22D97ACD00214679 /* Info.plist */ = {isa = PBXFileReference; lastKnownFileType = text.plist.xml; path = Info.plist; sourceTree = "<group>"; };
		8A9EB7CF22D97ACD00214679 /* runUITests.xctest */ = {isa = PBXFileReference; explicitFileType = wrapper.cfbundle; includeInIndex = 0; path = runUITests.xctest; sourceTree = BUILT_PRODUCTS_DIR; };
		8A9EB7D322D97ACD00214679 /* runUITests.swift */ = {isa = PBXFileReference; lastKnownFileType = sourcecode.swift; path = runUITests.swift; sourceTree = "<group>"; };
		8A9EB7D522D97ACD00214679 /* Info.plist */ = {isa = PBXFileReference; lastKnownFileType = text.plist.xml; path = Info.plist; sourceTree = "<group>"; };
		8A9EB7E122DB791900214679 /* UserViewController.swift */ = {isa = PBXFileReference; lastKnownFileType = sourcecode.swift; path = UserViewController.swift; sourceTree = "<group>"; };
		8A9EB7E322DB7A8B00214679 /* BenefitViewController.swift */ = {isa = PBXFileReference; lastKnownFileType = sourcecode.swift; path = BenefitViewController.swift; sourceTree = "<group>"; };
		8A9EB7E722DB7AC000214679 /* TalkViewController.swift */ = {isa = PBXFileReference; lastKnownFileType = sourcecode.swift; path = TalkViewController.swift; sourceTree = "<group>"; };
		8A9EB7E922DC0BEB00214679 /* LoginViewController.swift */ = {isa = PBXFileReference; lastKnownFileType = sourcecode.swift; path = LoginViewController.swift; sourceTree = "<group>"; };
		8A9EB7EB22DCDE9700214679 /* DrawerViewController.swift */ = {isa = PBXFileReference; lastKnownFileType = sourcecode.swift; path = DrawerViewController.swift; sourceTree = "<group>"; };
		8ACE861122E341D2005A4F14 /* Alamofire.framework */ = {isa = PBXFileReference; lastKnownFileType = wrapper.framework; name = Alamofire.framework; path = Carthage/Build/iOS/Alamofire.framework; sourceTree = "<group>"; };
		8ACE861322E341E1005A4F14 /* SwiftyJSON.framework */ = {isa = PBXFileReference; lastKnownFileType = wrapper.framework; name = SwiftyJSON.framework; path = Carthage/Build/iOS/SwiftyJSON.framework; sourceTree = "<group>"; };
		C51DDE6D360B429A979BBF84 /* Pods-runTests.debug.xcconfig */ = {isa = PBXFileReference; includeInIndex = 1; lastKnownFileType = text.xcconfig; name = "Pods-runTests.debug.xcconfig"; path = "Target Support Files/Pods-runTests/Pods-runTests.debug.xcconfig"; sourceTree = "<group>"; };
		EBFCDF59E6FF6B624E41AE70 /* Pods_runTests.framework */ = {isa = PBXFileReference; explicitFileType = wrapper.framework; includeInIndex = 0; path = Pods_runTests.framework; sourceTree = BUILT_PRODUCTS_DIR; };
		EE5A9DBC866F381E0CCFE3DD /* Pods-runUITests.release.xcconfig */ = {isa = PBXFileReference; includeInIndex = 1; lastKnownFileType = text.xcconfig; name = "Pods-runUITests.release.xcconfig"; path = "Target Support Files/Pods-runUITests/Pods-runUITests.release.xcconfig"; sourceTree = "<group>"; };
/* End PBXFileReference section */

/* Begin PBXFrameworksBuildPhase section */
		8A9EB7AD22D97ACB00214679 /* Frameworks */ = {
			isa = PBXFrameworksBuildPhase;
			buildActionMask = 2147483647;
			files = (
				8ACE861422E341E1005A4F14 /* SwiftyJSON.framework in Frameworks */,
				8ACE861222E341D2005A4F14 /* Alamofire.framework in Frameworks */,
				0B0A431F2ADF1E5E02D440EF /* Pods_run.framework in Frameworks */,
			);
			runOnlyForDeploymentPostprocessing = 0;
		};
		8A9EB7C122D97ACD00214679 /* Frameworks */ = {
			isa = PBXFrameworksBuildPhase;
			buildActionMask = 2147483647;
			files = (
				F6F214FFBD493621AF67D2D0 /* Pods_runTests.framework in Frameworks */,
			);
			runOnlyForDeploymentPostprocessing = 0;
		};
		8A9EB7CC22D97ACD00214679 /* Frameworks */ = {
			isa = PBXFrameworksBuildPhase;
			buildActionMask = 2147483647;
			files = (
				1B0D84A50A5075596F60BD03 /* Pods_runUITests.framework in Frameworks */,
			);
			runOnlyForDeploymentPostprocessing = 0;
		};
/* End PBXFrameworksBuildPhase section */

/* Begin PBXGroup section */
		13CCCAECA166B83907E1E840 /* Pods */ = {
			isa = PBXGroup;
			children = (
				0167204E6AFD14428E4864FA /* Pods-run.debug.xcconfig */,
				31758EDB9ADC64D4C6A25524 /* Pods-run.release.xcconfig */,
				C51DDE6D360B429A979BBF84 /* Pods-runTests.debug.xcconfig */,
				09C9F5E4C359E7FA60408977 /* Pods-runTests.release.xcconfig */,
				830168216B23AEB854A94950 /* Pods-runUITests.debug.xcconfig */,
				EE5A9DBC866F381E0CCFE3DD /* Pods-runUITests.release.xcconfig */,
			);
			path = Pods;
			sourceTree = "<group>";
		};
		8A9EB7A722D97ACB00214679 = {
			isa = PBXGroup;
			children = (
				8A9EB7B222D97ACC00214679 /* run */,
				8A9EB7C722D97ACD00214679 /* runTests */,
				8A9EB7D222D97ACD00214679 /* runUITests */,
				8A9EB7B122D97ACC00214679 /* Products */,
				8ACE861022E341D1005A4F14 /* Frameworks */,
				13CCCAECA166B83907E1E840 /* Pods */,
			);
			sourceTree = "<group>";
		};
		8A9EB7B122D97ACC00214679 /* Products */ = {
			isa = PBXGroup;
			children = (
				8A9EB7B022D97ACC00214679 /* run.app */,
				8A9EB7C422D97ACD00214679 /* runTests.xctest */,
				8A9EB7CF22D97ACD00214679 /* runUITests.xctest */,
			);
			name = Products;
			sourceTree = "<group>";
		};
		8A9EB7B222D97ACC00214679 /* run */ = {
			isa = PBXGroup;
			children = (
				8A9EB7B322D97ACC00214679 /* AppDelegate.swift */,
				8A9EB7B522D97ACC00214679 /* ViewController.swift */,
				8A9EB7B722D97ACC00214679 /* Main.storyboard */,
				8A9EB7EB22DCDE9700214679 /* DrawerViewController.swift */,
				8A9EB7E922DC0BEB00214679 /* LoginViewController.swift */,
				8A9EB7E322DB7A8B00214679 /* BenefitViewController.swift */,
				8A5DD08822E4583400C3A1D5 /* ChannelViewCellController.swift */,
				8A5DD08922E4583400C3A1D5 /* ChannelViewCellController.xib */,
				8A9EB7E722DB7AC000214679 /* TalkViewController.swift */,
				8A9EB7E122DB791900214679 /* UserViewController.swift */,
				8A9EB7BA22D97ACD00214679 /* Assets.xcassets */,
				8A9EB7BC22D97ACD00214679 /* LaunchScreen.storyboard */,
				8A9EB7BF22D97ACD00214679 /* Info.plist */,
				8A7F42CB22F59F6B00F46832 /* GoogleService-Info.plist */,
			);
			path = run;
			sourceTree = "<group>";
		};
		8A9EB7C722D97ACD00214679 /* runTests */ = {
			isa = PBXGroup;
			children = (
				8A9EB7C822D97ACD00214679 /* runTests.swift */,
				8A9EB7CA22D97ACD00214679 /* Info.plist */,
			);
			path = runTests;
			sourceTree = "<group>";
		};
		8A9EB7D222D97ACD00214679 /* runUITests */ = {
			isa = PBXGroup;
			children = (
				8A9EB7D322D97ACD00214679 /* runUITests.swift */,
				8A9EB7D522D97ACD00214679 /* Info.plist */,
			);
			path = runUITests;
			sourceTree = "<group>";
		};
		8ACE861022E341D1005A4F14 /* Frameworks */ = {
			isa = PBXGroup;
			children = (
				8ACE861322E341E1005A4F14 /* SwiftyJSON.framework */,
				8ACE861122E341D2005A4F14 /* Alamofire.framework */,
				52F23EC9B7653941FE955F55 /* Pods_run.framework */,
				EBFCDF59E6FF6B624E41AE70 /* Pods_runTests.framework */,
				1CC80D14F1A86FB6E721A5C9 /* Pods_runUITests.framework */,
			);
			name = Frameworks;
			sourceTree = "<group>";
		};
/* End PBXGroup section */

/* Begin PBXNativeTarget section */
		8A9EB7AF22D97ACB00214679 /* run */ = {
			isa = PBXNativeTarget;
			buildConfigurationList = 8A9EB7D822D97ACD00214679 /* Build configuration list for PBXNativeTarget "run" */;
			buildPhases = (
				6BB35C1B7B076BEAA88E7EB2 /* [CP] Check Pods Manifest.lock */,
				8A9EB7AC22D97ACB00214679 /* Sources */,
				8A9EB7AD22D97ACB00214679 /* Frameworks */,
				8A9EB7AE22D97ACB00214679 /* Resources */,
				8ACE861522E34203005A4F14 /* ShellScript */,
				55597FB63BF2AF398138710E /* [CP] Embed Pods Frameworks */,
			);
			buildRules = (
			);
			dependencies = (
			);
			name = run;
			productName = run;
			productReference = 8A9EB7B022D97ACC00214679 /* run.app */;
			productType = "com.apple.product-type.application";
		};
		8A9EB7C322D97ACD00214679 /* runTests */ = {
			isa = PBXNativeTarget;
			buildConfigurationList = 8A9EB7DB22D97ACD00214679 /* Build configuration list for PBXNativeTarget "runTests" */;
			buildPhases = (
				289DB9F99748DFC2B85FFB0E /* [CP] Check Pods Manifest.lock */,
				8A9EB7C022D97ACD00214679 /* Sources */,
				8A9EB7C122D97ACD00214679 /* Frameworks */,
				8A9EB7C222D97ACD00214679 /* Resources */,
			);
			buildRules = (
			);
			dependencies = (
				8A9EB7C622D97ACD00214679 /* PBXTargetDependency */,
			);
			name = runTests;
			productName = runTests;
			productReference = 8A9EB7C422D97ACD00214679 /* runTests.xctest */;
			productType = "com.apple.product-type.bundle.unit-test";
		};
		8A9EB7CE22D97ACD00214679 /* runUITests */ = {
			isa = PBXNativeTarget;
			buildConfigurationList = 8A9EB7DE22D97ACD00214679 /* Build configuration list for PBXNativeTarget "runUITests" */;
			buildPhases = (
				711FDB1BD1B93486B36620AD /* [CP] Check Pods Manifest.lock */,
				8A9EB7CB22D97ACD00214679 /* Sources */,
				8A9EB7CC22D97ACD00214679 /* Frameworks */,
				8A9EB7CD22D97ACD00214679 /* Resources */,
			);
			buildRules = (
			);
			dependencies = (
				8A9EB7D122D97ACD00214679 /* PBXTargetDependency */,
			);
			name = runUITests;
			productName = runUITests;
			productReference = 8A9EB7CF22D97ACD00214679 /* runUITests.xctest */;
			productType = "com.apple.product-type.bundle.ui-testing";
		};
/* End PBXNativeTarget section */

/* Begin PBXProject section */
		8A9EB7A822D97ACB00214679 /* Project object */ = {
			isa = PBXProject;
			attributes = {
				LastSwiftUpdateCheck = 1020;
				LastUpgradeCheck = 1020;
				ORGANIZATIONNAME = "Ha-koichi";
				TargetAttributes = {
					8A9EB7AF22D97ACB00214679 = {
						CreatedOnToolsVersion = 10.2;
					};
					8A9EB7C322D97ACD00214679 = {
						CreatedOnToolsVersion = 10.2;
						TestTargetID = 8A9EB7AF22D97ACB00214679;
					};
					8A9EB7CE22D97ACD00214679 = {
						CreatedOnToolsVersion = 10.2;
						TestTargetID = 8A9EB7AF22D97ACB00214679;
					};
				};
			};
			buildConfigurationList = 8A9EB7AB22D97ACB00214679 /* Build configuration list for PBXProject "run" */;
			compatibilityVersion = "Xcode 9.3";
			developmentRegion = en;
			hasScannedForEncodings = 0;
			knownRegions = (
				en,
				Base,
			);
			mainGroup = 8A9EB7A722D97ACB00214679;
			productRefGroup = 8A9EB7B122D97ACC00214679 /* Products */;
			projectDirPath = "";
			projectRoot = "";
			targets = (
				8A9EB7AF22D97ACB00214679 /* run */,
				8A9EB7C322D97ACD00214679 /* runTests */,
				8A9EB7CE22D97ACD00214679 /* runUITests */,
			);
		};
/* End PBXProject section */

/* Begin PBXResourcesBuildPhase section */
		8A9EB7AE22D97ACB00214679 /* Resources */ = {
			isa = PBXResourcesBuildPhase;
			buildActionMask = 2147483647;
			files = (
				8A9EB7BE22D97ACD00214679 /* LaunchScreen.storyboard in Resources */,
				8A9EB7BB22D97ACD00214679 /* Assets.xcassets in Resources */,
				8A7F42CC22F59F6B00F46832 /* GoogleService-Info.plist in Resources */,
				8A5DD08B22E4583400C3A1D5 /* ChannelViewCellController.xib in Resources */,
				8A9EB7B922D97ACC00214679 /* Main.storyboard in Resources */,
			);
			runOnlyForDeploymentPostprocessing = 0;
		};
		8A9EB7C222D97ACD00214679 /* Resources */ = {
			isa = PBXResourcesBuildPhase;
			buildActionMask = 2147483647;
			files = (
			);
			runOnlyForDeploymentPostprocessing = 0;
		};
		8A9EB7CD22D97ACD00214679 /* Resources */ = {
			isa = PBXResourcesBuildPhase;
			buildActionMask = 2147483647;
			files = (
			);
			runOnlyForDeploymentPostprocessing = 0;
		};
/* End PBXResourcesBuildPhase section */

/* Begin PBXShellScriptBuildPhase section */
		289DB9F99748DFC2B85FFB0E /* [CP] Check Pods Manifest.lock */ = {
			isa = PBXShellScriptBuildPhase;
			buildActionMask = 2147483647;
			files = (
			);
			inputFileListPaths = (
			);
			inputPaths = (
				"${PODS_PODFILE_DIR_PATH}/Podfile.lock",
				"${PODS_ROOT}/Manifest.lock",
			);
			name = "[CP] Check Pods Manifest.lock";
			outputFileListPaths = (
			);
			outputPaths = (
				"$(DERIVED_FILE_DIR)/Pods-runTests-checkManifestLockResult.txt",
			);
			runOnlyForDeploymentPostprocessing = 0;
			shellPath = /bin/sh;
			shellScript = "diff \"${PODS_PODFILE_DIR_PATH}/Podfile.lock\" \"${PODS_ROOT}/Manifest.lock\" > /dev/null\nif [ $? != 0 ] ; then\n    # print error to STDERR\n    echo \"error: The sandbox is not in sync with the Podfile.lock. Run 'pod install' or update your CocoaPods installation.\" >&2\n    exit 1\nfi\n# This output is used by Xcode 'outputs' to avoid re-running this script phase.\necho \"SUCCESS\" > \"${SCRIPT_OUTPUT_FILE_0}\"\n";
			showEnvVarsInLog = 0;
		};
		55597FB63BF2AF398138710E /* [CP] Embed Pods Frameworks */ = {
			isa = PBXShellScriptBuildPhase;
			buildActionMask = 2147483647;
			files = (
			);
			inputFileListPaths = (
				"${PODS_ROOT}/Target Support Files/Pods-run/Pods-run-frameworks-${CONFIGURATION}-input-files.xcfilelist",
			);
			name = "[CP] Embed Pods Frameworks";
			outputFileListPaths = (
				"${PODS_ROOT}/Target Support Files/Pods-run/Pods-run-frameworks-${CONFIGURATION}-output-files.xcfilelist",
			);
			runOnlyForDeploymentPostprocessing = 0;
			shellPath = /bin/sh;
			shellScript = "\"${PODS_ROOT}/Target Support Files/Pods-run/Pods-run-frameworks.sh\"\n";
			showEnvVarsInLog = 0;
		};
		6BB35C1B7B076BEAA88E7EB2 /* [CP] Check Pods Manifest.lock */ = {
			isa = PBXShellScriptBuildPhase;
			buildActionMask = 2147483647;
			files = (
			);
			inputFileListPaths = (
			);
			inputPaths = (
				"${PODS_PODFILE_DIR_PATH}/Podfile.lock",
				"${PODS_ROOT}/Manifest.lock",
			);
			name = "[CP] Check Pods Manifest.lock";
			outputFileListPaths = (
			);
			outputPaths = (
				"$(DERIVED_FILE_DIR)/Pods-run-checkManifestLockResult.txt",
			);
			runOnlyForDeploymentPostprocessing = 0;
			shellPath = /bin/sh;
			shellScript = "diff \"${PODS_PODFILE_DIR_PATH}/Podfile.lock\" \"${PODS_ROOT}/Manifest.lock\" > /dev/null\nif [ $? != 0 ] ; then\n    # print error to STDERR\n    echo \"error: The sandbox is not in sync with the Podfile.lock. Run 'pod install' or update your CocoaPods installation.\" >&2\n    exit 1\nfi\n# This output is used by Xcode 'outputs' to avoid re-running this script phase.\necho \"SUCCESS\" > \"${SCRIPT_OUTPUT_FILE_0}\"\n";
			showEnvVarsInLog = 0;
		};
		711FDB1BD1B93486B36620AD /* [CP] Check Pods Manifest.lock */ = {
			isa = PBXShellScriptBuildPhase;
			buildActionMask = 2147483647;
			files = (
			);
			inputFileListPaths = (
			);
			inputPaths = (
				"${PODS_PODFILE_DIR_PATH}/Podfile.lock",
				"${PODS_ROOT}/Manifest.lock",
			);
			name = "[CP] Check Pods Manifest.lock";
			outputFileListPaths = (
			);
			outputPaths = (
				"$(DERIVED_FILE_DIR)/Pods-runUITests-checkManifestLockResult.txt",
			);
			runOnlyForDeploymentPostprocessing = 0;
			shellPath = /bin/sh;
			shellScript = "diff \"${PODS_PODFILE_DIR_PATH}/Podfile.lock\" \"${PODS_ROOT}/Manifest.lock\" > /dev/null\nif [ $? != 0 ] ; then\n    # print error to STDERR\n    echo \"error: The sandbox is not in sync with the Podfile.lock. Run 'pod install' or update your CocoaPods installation.\" >&2\n    exit 1\nfi\n# This output is used by Xcode 'outputs' to avoid re-running this script phase.\necho \"SUCCESS\" > \"${SCRIPT_OUTPUT_FILE_0}\"\n";
			showEnvVarsInLog = 0;
		};
		8ACE861522E34203005A4F14 /* ShellScript */ = {
			isa = PBXShellScriptBuildPhase;
			buildActionMask = 2147483647;
			files = (
			);
			inputFileListPaths = (
			);
			inputPaths = (
				"$(SRCROOT)/Carthage/Build/iOS/Alamofire.framework",
				"$(SRCROOT)/Carthage/Build/iOS/SwiftyJSON.framework",
			);
			outputFileListPaths = (
			);
			outputPaths = (
			);
			runOnlyForDeploymentPostprocessing = 0;
			shellPath = /bin/sh;
			shellScript = "# Type a script or drag a script file from your workspace to insert its path.\n/usr/local/bin/carthage copy-frameworks\n";
		};
/* End PBXShellScriptBuildPhase section */

/* Begin PBXSourcesBuildPhase section */
		8A9EB7AC22D97ACB00214679 /* Sources */ = {
			isa = PBXSourcesBuildPhase;
			buildActionMask = 2147483647;
			files = (
				8A9EB7EA22DC0BEB00214679 /* LoginViewController.swift in Sources */,
				8A9EB7EC22DCDE9700214679 /* DrawerViewController.swift in Sources */,
				8A5DD08A22E4583400C3A1D5 /* ChannelViewCellController.swift in Sources */,
				8A9EB7B622D97ACC00214679 /* ViewController.swift in Sources */,
				8A9EB7E222DB791900214679 /* UserViewController.swift in Sources */,
				8A9EB7E422DB7A8B00214679 /* BenefitViewController.swift in Sources */,
				8A9EB7B422D97ACC00214679 /* AppDelegate.swift in Sources */,
				8A9EB7E822DB7AC000214679 /* TalkViewController.swift in Sources */,
			);
			runOnlyForDeploymentPostprocessing = 0;
		};
		8A9EB7C022D97ACD00214679 /* Sources */ = {
			isa = PBXSourcesBuildPhase;
			buildActionMask = 2147483647;
			files = (
				8A9EB7C922D97ACD00214679 /* runTests.swift in Sources */,
			);
			runOnlyForDeploymentPostprocessing = 0;
		};
		8A9EB7CB22D97ACD00214679 /* Sources */ = {
			isa = PBXSourcesBuildPhase;
			buildActionMask = 2147483647;
			files = (
				8A9EB7D422D97ACD00214679 /* runUITests.swift in Sources */,
			);
			runOnlyForDeploymentPostprocessing = 0;
		};
/* End PBXSourcesBuildPhase section */

/* Begin PBXTargetDependency section */
		8A9EB7C622D97ACD00214679 /* PBXTargetDependency */ = {
			isa = PBXTargetDependency;
			target = 8A9EB7AF22D97ACB00214679 /* run */;
			targetProxy = 8A9EB7C522D97ACD00214679 /* PBXContainerItemProxy */;
		};
		8A9EB7D122D97ACD00214679 /* PBXTargetDependency */ = {
			isa = PBXTargetDependency;
			target = 8A9EB7AF22D97ACB00214679 /* run */;
			targetProxy = 8A9EB7D022D97ACD00214679 /* PBXContainerItemProxy */;
		};
/* End PBXTargetDependency section */

/* Begin PBXVariantGroup section */
		8A9EB7B722D97ACC00214679 /* Main.storyboard */ = {
			isa = PBXVariantGroup;
			children = (
				8A9EB7B822D97ACC00214679 /* Base */,
			);
			name = Main.storyboard;
			sourceTree = "<group>";
		};
		8A9EB7BC22D97ACD00214679 /* LaunchScreen.storyboard */ = {
			isa = PBXVariantGroup;
			children = (
				8A9EB7BD22D97ACD00214679 /* Base */,
			);
			name = LaunchScreen.storyboard;
			sourceTree = "<group>";
		};
/* End PBXVariantGroup section */

/* Begin XCBuildConfiguration section */
		8A9EB7D622D97ACD00214679 /* Debug */ = {
			isa = XCBuildConfiguration;
			buildSettings = {
				ALWAYS_SEARCH_USER_PATHS = NO;
				CLANG_ANALYZER_NONNULL = YES;
				CLANG_ANALYZER_NUMBER_OBJECT_CONVERSION = YES_AGGRESSIVE;
				CLANG_CXX_LANGUAGE_STANDARD = "gnu++14";
				CLANG_CXX_LIBRARY = "libc++";
				CLANG_ENABLE_MODULES = YES;
				CLANG_ENABLE_OBJC_ARC = YES;
				CLANG_ENABLE_OBJC_WEAK = YES;
				CLANG_WARN_BLOCK_CAPTURE_AUTORELEASING = YES;
				CLANG_WARN_BOOL_CONVERSION = YES;
				CLANG_WARN_COMMA = YES;
				CLANG_WARN_CONSTANT_CONVERSION = YES;
				CLANG_WARN_DEPRECATED_OBJC_IMPLEMENTATIONS = YES;
				CLANG_WARN_DIRECT_OBJC_ISA_USAGE = YES_ERROR;
				CLANG_WARN_DOCUMENTATION_COMMENTS = YES;
				CLANG_WARN_EMPTY_BODY = YES;
				CLANG_WARN_ENUM_CONVERSION = YES;
				CLANG_WARN_INFINITE_RECURSION = YES;
				CLANG_WARN_INT_CONVERSION = YES;
				CLANG_WARN_NON_LITERAL_NULL_CONVERSION = YES;
				CLANG_WARN_OBJC_IMPLICIT_RETAIN_SELF = YES;
				CLANG_WARN_OBJC_LITERAL_CONVERSION = YES;
				CLANG_WARN_OBJC_ROOT_CLASS = YES_ERROR;
				CLANG_WARN_RANGE_LOOP_ANALYSIS = YES;
				CLANG_WARN_STRICT_PROTOTYPES = YES;
				CLANG_WARN_SUSPICIOUS_MOVE = YES;
				CLANG_WARN_UNGUARDED_AVAILABILITY = YES_AGGRESSIVE;
				CLANG_WARN_UNREACHABLE_CODE = YES;
				CLANG_WARN__DUPLICATE_METHOD_MATCH = YES;
				CODE_SIGN_IDENTITY = "iPhone Developer";
				COPY_PHASE_STRIP = NO;
				DEBUG_INFORMATION_FORMAT = dwarf;
				ENABLE_STRICT_OBJC_MSGSEND = YES;
				ENABLE_TESTABILITY = YES;
				GCC_C_LANGUAGE_STANDARD = gnu11;
				GCC_DYNAMIC_NO_PIC = NO;
				GCC_NO_COMMON_BLOCKS = YES;
				GCC_OPTIMIZATION_LEVEL = 0;
				GCC_PREPROCESSOR_DEFINITIONS = (
					"DEBUG=1",
					"$(inherited)",
				);
				GCC_WARN_64_TO_32_BIT_CONVERSION = YES;
				GCC_WARN_ABOUT_RETURN_TYPE = YES_ERROR;
				GCC_WARN_UNDECLARED_SELECTOR = YES;
				GCC_WARN_UNINITIALIZED_AUTOS = YES_AGGRESSIVE;
				GCC_WARN_UNUSED_FUNCTION = YES;
				GCC_WARN_UNUSED_VARIABLE = YES;
				IPHONEOS_DEPLOYMENT_TARGET = 12.2;
				MTL_ENABLE_DEBUG_INFO = INCLUDE_SOURCE;
				MTL_FAST_MATH = YES;
				ONLY_ACTIVE_ARCH = YES;
				SDKROOT = iphoneos;
				SWIFT_ACTIVE_COMPILATION_CONDITIONS = DEBUG;
				SWIFT_OPTIMIZATION_LEVEL = "-Onone";
			};
			name = Debug;
		};
		8A9EB7D722D97ACD00214679 /* Release */ = {
			isa = XCBuildConfiguration;
			buildSettings = {
				ALWAYS_SEARCH_USER_PATHS = NO;
				CLANG_ANALYZER_NONNULL = YES;
				CLANG_ANALYZER_NUMBER_OBJECT_CONVERSION = YES_AGGRESSIVE;
				CLANG_CXX_LANGUAGE_STANDARD = "gnu++14";
				CLANG_CXX_LIBRARY = "libc++";
				CLANG_ENABLE_MODULES = YES;
				CLANG_ENABLE_OBJC_ARC = YES;
				CLANG_ENABLE_OBJC_WEAK = YES;
				CLANG_WARN_BLOCK_CAPTURE_AUTORELEASING = YES;
				CLANG_WARN_BOOL_CONVERSION = YES;
				CLANG_WARN_COMMA = YES;
				CLANG_WARN_CONSTANT_CONVERSION = YES;
				CLANG_WARN_DEPRECATED_OBJC_IMPLEMENTATIONS = YES;
				CLANG_WARN_DIRECT_OBJC_ISA_USAGE = YES_ERROR;
				CLANG_WARN_DOCUMENTATION_COMMENTS = YES;
				CLANG_WARN_EMPTY_BODY = YES;
				CLANG_WARN_ENUM_CONVERSION = YES;
				CLANG_WARN_INFINITE_RECURSION = YES;
				CLANG_WARN_INT_CONVERSION = YES;
				CLANG_WARN_NON_LITERAL_NULL_CONVERSION = YES;
				CLANG_WARN_OBJC_IMPLICIT_RETAIN_SELF = YES;
				CLANG_WARN_OBJC_LITERAL_CONVERSION = YES;
				CLANG_WARN_OBJC_ROOT_CLASS = YES_ERROR;
				CLANG_WARN_RANGE_LOOP_ANALYSIS = YES;
				CLANG_WARN_STRICT_PROTOTYPES = YES;
				CLANG_WARN_SUSPICIOUS_MOVE = YES;
				CLANG_WARN_UNGUARDED_AVAILABILITY = YES_AGGRESSIVE;
				CLANG_WARN_UNREACHABLE_CODE = YES;
				CLANG_WARN__DUPLICATE_METHOD_MATCH = YES;
				CODE_SIGN_IDENTITY = "iPhone Developer";
				COPY_PHASE_STRIP = NO;
				DEBUG_INFORMATION_FORMAT = "dwarf-with-dsym";
				ENABLE_NS_ASSERTIONS = NO;
				ENABLE_STRICT_OBJC_MSGSEND = YES;
				GCC_C_LANGUAGE_STANDARD = gnu11;
				GCC_NO_COMMON_BLOCKS = YES;
				GCC_WARN_64_TO_32_BIT_CONVERSION = YES;
				GCC_WARN_ABOUT_RETURN_TYPE = YES_ERROR;
				GCC_WARN_UNDECLARED_SELECTOR = YES;
				GCC_WARN_UNINITIALIZED_AUTOS = YES_AGGRESSIVE;
				GCC_WARN_UNUSED_FUNCTION = YES;
				GCC_WARN_UNUSED_VARIABLE = YES;
				IPHONEOS_DEPLOYMENT_TARGET = 12.2;
				MTL_ENABLE_DEBUG_INFO = NO;
				MTL_FAST_MATH = YES;
				SDKROOT = iphoneos;
				SWIFT_COMPILATION_MODE = wholemodule;
				SWIFT_OPTIMIZATION_LEVEL = "-O";
				VALIDATE_PRODUCT = YES;
			};
			name = Release;
		};
		8A9EB7D922D97ACD00214679 /* Debug */ = {
			isa = XCBuildConfiguration;
			baseConfigurationReference = 0167204E6AFD14428E4864FA /* Pods-run.debug.xcconfig */;
			buildSettings = {
				ASSETCATALOG_COMPILER_APPICON_NAME = AppIcon;
				CODE_SIGN_STYLE = Automatic;
				DEVELOPMENT_TEAM = HA72QL2Y84;
				FRAMEWORK_SEARCH_PATHS = (
					"$(inherited)",
					"$(PROJECT_DIR)/Carthage/Build/iOS",
				);
				INFOPLIST_FILE = run/Info.plist;
				LD_RUNPATH_SEARCH_PATHS = (
					"$(inherited)",
					"@executable_path/Frameworks",
				);
				PRODUCT_BUNDLE_IDENTIFIER = "ha-koichi.run";
				PRODUCT_NAME = "$(TARGET_NAME)";
				SWIFT_VERSION = 5.0;
				TARGETED_DEVICE_FAMILY = "1,2";
			};
			name = Debug;
		};
		8A9EB7DA22D97ACD00214679 /* Release */ = {
			isa = XCBuildConfiguration;
			baseConfigurationReference = 31758EDB9ADC64D4C6A25524 /* Pods-run.release.xcconfig */;
			buildSettings = {
				ASSETCATALOG_COMPILER_APPICON_NAME = AppIcon;
				CODE_SIGN_STYLE = Automatic;
				DEVELOPMENT_TEAM = HA72QL2Y84;
				FRAMEWORK_SEARCH_PATHS = (
					"$(inherited)",
					"$(PROJECT_DIR)/Carthage/Build/iOS",
				);
				INFOPLIST_FILE = run/Info.plist;
				LD_RUNPATH_SEARCH_PATHS = (
					"$(inherited)",
					"@executable_path/Frameworks",
				);
				PRODUCT_BUNDLE_IDENTIFIER = "ha-koichi.run";
				PRODUCT_NAME = "$(TARGET_NAME)";
				SWIFT_VERSION = 5.0;
				TARGETED_DEVICE_FAMILY = "1,2";
			};
			name = Release;
		};
		8A9EB7DC22D97ACD00214679 /* Debug */ = {
			isa = XCBuildConfiguration;
			baseConfigurationReference = C51DDE6D360B429A979BBF84 /* Pods-runTests.debug.xcconfig */;
			buildSettings = {
				ALWAYS_EMBED_SWIFT_STANDARD_LIBRARIES = YES;
				BUNDLE_LOADER = "$(TEST_HOST)";
				CODE_SIGN_STYLE = Automatic;
				DEVELOPMENT_TEAM = HA72QL2Y84;
				INFOPLIST_FILE = runTests/Info.plist;
				LD_RUNPATH_SEARCH_PATHS = (
					"$(inherited)",
					"@executable_path/Frameworks",
					"@loader_path/Frameworks",
				);
				PRODUCT_BUNDLE_IDENTIFIER = "ha-koichi.runTests";
				PRODUCT_NAME = "$(TARGET_NAME)";
				SWIFT_VERSION = 5.0;
				TARGETED_DEVICE_FAMILY = "1,2";
				TEST_HOST = "$(BUILT_PRODUCTS_DIR)/run.app/run";
			};
			name = Debug;
		};
		8A9EB7DD22D97ACD00214679 /* Release */ = {
			isa = XCBuildConfiguration;
			baseConfigurationReference = 09C9F5E4C359E7FA60408977 /* Pods-runTests.release.xcconfig */;
			buildSettings = {
				ALWAYS_EMBED_SWIFT_STANDARD_LIBRARIES = YES;
				BUNDLE_LOADER = "$(TEST_HOST)";
				CODE_SIGN_STYLE = Automatic;
				DEVELOPMENT_TEAM = HA72QL2Y84;
				INFOPLIST_FILE = runTests/Info.plist;
				LD_RUNPATH_SEARCH_PATHS = (
					"$(inherited)",
					"@executable_path/Frameworks",
					"@loader_path/Frameworks",
				);
				PRODUCT_BUNDLE_IDENTIFIER = "ha-koichi.runTests";
				PRODUCT_NAME = "$(TARGET_NAME)";
				SWIFT_VERSION = 5.0;
				TARGETED_DEVICE_FAMILY = "1,2";
				TEST_HOST = "$(BUILT_PRODUCTS_DIR)/run.app/run";
			};
			name = Release;
		};
		8A9EB7DF22D97ACD00214679 /* Debug */ = {
			isa = XCBuildConfiguration;
			baseConfigurationReference = 830168216B23AEB854A94950 /* Pods-runUITests.debug.xcconfig */;
			buildSettings = {
				ALWAYS_EMBED_SWIFT_STANDARD_LIBRARIES = YES;
				CODE_SIGN_STYLE = Automatic;
				DEVELOPMENT_TEAM = HA72QL2Y84;
				INFOPLIST_FILE = runUITests/Info.plist;
				LD_RUNPATH_SEARCH_PATHS = (
					"$(inherited)",
					"@executable_path/Frameworks",
					"@loader_path/Frameworks",
				);
				PRODUCT_BUNDLE_IDENTIFIER = "ha-koichi.runUITests";
				PRODUCT_NAME = "$(TARGET_NAME)";
				SWIFT_VERSION = 5.0;
				TARGETED_DEVICE_FAMILY = "1,2";
				TEST_TARGET_NAME = run;
			};
			name = Debug;
		};
		8A9EB7E022D97ACD00214679 /* Release */ = {
			isa = XCBuildConfiguration;
			baseConfigurationReference = EE5A9DBC866F381E0CCFE3DD /* Pods-runUITests.release.xcconfig */;
			buildSettings = {
				ALWAYS_EMBED_SWIFT_STANDARD_LIBRARIES = YES;
				CODE_SIGN_STYLE = Automatic;
				DEVELOPMENT_TEAM = HA72QL2Y84;
				INFOPLIST_FILE = runUITests/Info.plist;
				LD_RUNPATH_SEARCH_PATHS = (
					"$(inherited)",
					"@executable_path/Frameworks",
					"@loader_path/Frameworks",
				);
				PRODUCT_BUNDLE_IDENTIFIER = "ha-koichi.runUITests";
				PRODUCT_NAME = "$(TARGET_NAME)";
				SWIFT_VERSION = 5.0;
				TARGETED_DEVICE_FAMILY = "1,2";
				TEST_TARGET_NAME = run;
			};
			name = Release;
		};
/* End XCBuildConfiguration section */

/* Begin XCConfigurationList section */
		8A9EB7AB22D97ACB00214679 /* Build configuration list for PBXProject "run" */ = {
			isa = XCConfigurationList;
			buildConfigurations = (
				8A9EB7D622D97ACD00214679 /* Debug */,
				8A9EB7D722D97ACD00214679 /* Release */,
			);
			defaultConfigurationIsVisible = 0;
			defaultConfigurationName = Release;
		};
		8A9EB7D822D97ACD00214679 /* Build configuration list for PBXNativeTarget "run" */ = {
			isa = XCConfigurationList;
			buildConfigurations = (
				8A9EB7D922D97ACD00214679 /* Debug */,
				8A9EB7DA22D97ACD00214679 /* Release */,
			);
			defaultConfigurationIsVisible = 0;
			defaultConfigurationName = Release;
		};
		8A9EB7DB22D97ACD00214679 /* Build configuration list for PBXNativeTarget "runTests" */ = {
			isa = XCConfigurationList;
			buildConfigurations = (
				8A9EB7DC22D97ACD00214679 /* Debug */,
				8A9EB7DD22D97ACD00214679 /* Release */,
			);
			defaultConfigurationIsVisible = 0;
			defaultConfigurationName = Release;
		};
		8A9EB7DE22D97ACD00214679 /* Build configuration list for PBXNativeTarget "runUITests" */ = {
			isa = XCConfigurationList;
			buildConfigurations = (
				8A9EB7DF22D97ACD00214679 /* Debug */,
				8A9EB7E022D97ACD00214679 /* Release */,
			);
			defaultConfigurationIsVisible = 0;
			defaultConfigurationName = Release;
		};
/* End XCConfigurationList section */
	};
	rootObject = 8A9EB7A822D97ACB00214679 /* Project object */;
}
